
Microsoft Visual Studio Solution File, Format Version 12.00
# Visual Studio Version 17
VisualStudioVersion = 17.11.35327.3
MinimumVisualStudioVersion = 10.0.40219.1
Project("{FAE04EC0-301F-11D3-BF4B-00C04F79EFBC}") = "AppLanches", "src\AppLanches\AppLanches.csproj", "{07C65994-1BEC-4ADD-93A2-85B1557A896F}"
EndProject
Global
	GlobalSection(SolutionConfigurationPlatforms) = preSolution
		Debug|Any CPU = Debug|Any CPU
		Release|Any CPU = Release|Any CPU
	EndGlobalSection
	GlobalSection(ProjectConfigurationPlatforms) = postSolution
		{07C65994-1BEC-4ADD-93A2-85B1557A896F}.Debug|Any CPU.ActiveCfg = Debug|Any CPU
		{07C65994-1BEC-4ADD-93A2-85B1557A896F}.Debug|Any CPU.Build.0 = Debug|Any CPU
		{07C65994-1BEC-4ADD-93A2-85B1557A896F}.Debug|Any CPU.Deploy.0 = Debug|Any CPU
		{07C65994-1BEC-4ADD-93A2-85B1557A896F}.Release|Any CPU.ActiveCfg = Release|Any CPU
		{07C65994-1BEC-4ADD-93A2-85B1557A896F}.Release|Any CPU.Build.0 = Release|Any CPU
		{07C65994-1BEC-4ADD-93A2-85B1557A896F}.Release|Any CPU.Deploy.0 = Release|Any CPU
	EndGlobalSection
	GlobalSection(SolutionProperties) = preSolution
		HideSolutionNode = FALSE
	EndGlobalSection
	GlobalSection(ExtensibilityGlobals) = postSolution
		SolutionGuid = {7A715B81-86A0-4B41-AB46-7239B73A7BCA}
	EndGlobalSection
EndGlobal
